
Microsoft Visual Studio Solution File, Format Version 12.00
Project("{FAE04EC0-301F-11D3-BF4B-00C04F79EFBC}") = "Aoc2021.PDedyulk", "Aoc2021.PDedyulk\Aoc2021.PDedyulk.csproj", "{ADB27D52-8DB8-4E92-B784-AAB1C774BED9}"
EndProject
Global
	GlobalSection(SolutionConfigurationPlatforms) = preSolution
		Debug|Any CPU = Debug|Any CPU
		Release|Any CPU = Release|Any CPU
	EndGlobalSection
	GlobalSection(ProjectConfigurationPlatforms) = postSolution
		{ADB27D52-8DB8-4E92-B784-AAB1C774BED9}.Debug|Any CPU.ActiveCfg = Debug|Any CPU
		{ADB27D52-8DB8-4E92-B784-AAB1C774BED9}.Debug|Any CPU.Build.0 = Debug|Any CPU
		{ADB27D52-8DB8-4E92-B784-AAB1C774BED9}.Release|Any CPU.ActiveCfg = Release|Any CPU
		{ADB27D52-8DB8-4E92-B784-AAB1C774BED9}.Release|Any CPU.Build.0 = Release|Any CPU
	EndGlobalSection
EndGlobal
